// !$*UTF8*$!
{
	archiveVersion = 1;
	classes = {
	};
	objectVersion = 46;
	objects = {

/* Begin PBXBuildFile section */
		B4C3AE521DE2CCFE00AFAC35 /* AppDelegate.swift in Sources */ = {isa = PBXBuildFile; fileRef = B4C3AE511DE2CCFE00AFAC35 /* AppDelegate.swift */; };
		B4C3AE541DE2CCFE00AFAC35 /* ViewController.swift in Sources */ = {isa = PBXBuildFile; fileRef = B4C3AE531DE2CCFE00AFAC35 /* ViewController.swift */; };
		B4C3AE571DE2CCFE00AFAC35 /* Main.storyboard in Resources */ = {isa = PBXBuildFile; fileRef = B4C3AE551DE2CCFE00AFAC35 /* Main.storyboard */; };
		B4C3AE591DE2CCFE00AFAC35 /* Assets.xcassets in Resources */ = {isa = PBXBuildFile; fileRef = B4C3AE581DE2CCFE00AFAC35 /* Assets.xcassets */; };
		B4C3AE5C1DE2CCFE00AFAC35 /* LaunchScreen.storyboard in Resources */ = {isa = PBXBuildFile; fileRef = B4C3AE5A1DE2CCFE00AFAC35 /* LaunchScreen.storyboard */; };
/* End PBXBuildFile section */

/* Begin PBXFileReference section */
		B4C3AE4E1DE2CCFE00AFAC35 /* erer.app */ = {isa = PBXFileReference; explicitFileType = wrapper.application; includeInIndex = 0; path = erer.app; sourceTree = BUILT_PRODUCTS_DIR; };
		B4C3AE511DE2CCFE00AFAC35 /* AppDelegate.swift */ = {isa = PBXFileReference; lastKnownFileType = sourcecode.swift; path = AppDelegate.swift; sourceTree = "<group>"; };
		B4C3AE531DE2CCFE00AFAC35 /* ViewController.swift */ = {isa = PBXFileReference; lastKnownFileType = sourcecode.swift; path = ViewController.swift; sourceTree = "<group>"; };
		B4C3AE561DE2CCFE00AFAC35 /* Base */ = {isa = PBXFileReference; lastKnownFileType = file.storyboard; name = Base; path = Base.lproj/Main.storyboard; sourceTree = "<group>"; };
		B4C3AE581DE2CCFE00AFAC35 /* Assets.xcassets */ = {isa = PBXFileReference; lastKnownFileType = folder.assetcatalog; path = Assets.xcassets; sourceTree = "<group>"; };
		B4C3AE5B1DE2CCFE00AFAC35 /* Base */ = {isa = PBXFileReference; lastKnownFileType = file.storyboard; name = Base; path = Base.lproj/LaunchScreen.storyboard; sourceTree = "<group>"; };
		B4C3AE5D1DE2CCFE00AFAC35 /* Info.plist */ = {isa = PBXFileReference; lastKnownFileType = text.plist.xml; path = Info.plist; sourceTree = "<group>"; };
/* End PBXFileReference section */

/* Begin PBXFrameworksBuildPhase section */
		B4C3AE4B1DE2CCFE00AFAC35 /* Frameworks */ = {
			isa = PBXFrameworksBuildPhase;
			buildActionMask = 2147483647;
			files = (
			);
			runOnlyForDeploymentPostprocessing = 0;
		};
/* End PBXFrameworksBuildPhase section */

/* Begin PBXGroup section */
		B4C3AE451DE2CCFE00AFAC35 = {
			isa = PBXGroup;
			children = (
				B4C3AE501DE2CCFE00AFAC35 /* erer */,
				B4C3AE4F1DE2CCFE00AFAC35 /* Products */,
			);
			sourceTree = "<group>";
		};
		B4C3AE4F1DE2CCFE00AFAC35 /* Products */ = {
			isa = PBXGroup;
			children = (
				B4C3AE4E1DE2CCFE00AFAC35 /* erer.app */,
			);
			name = Products;
			sourceTree = "<group>";
		};
		B4C3AE501DE2CCFE00AFAC35 /* erer */ = {
			isa = PBXGroup;
			children = (
				B4C3AE511DE2CCFE00AFAC35 /* AppDelegate.swift */,
				B4C3AE531DE2CCFE00AFAC35 /* ViewController.swift */,
				B4C3AE551DE2CCFE00AFAC35 /* Main.storyboard */,
				B4C3AE581DE2CCFE00AFAC35 /* Assets.xcassets */,
				B4C3AE5A1DE2CCFE00AFAC35 /* LaunchScreen.storyboard */,
				B4C3AE5D1DE2CCFE00AFAC35 /* Info.plist */,
			);
			path = erer;
			sourceTree = "<group>";
		};
/* End PBXGroup section */

/* Begin PBXNativeTarget section */
		B4C3AE4D1DE2CCFE00AFAC35 /* erer */ = {
			isa = PBXNativeTarget;
			buildConfigurationList = B4C3AE601DE2CCFE00AFAC35 /* Build configuration list for PBXNativeTarget "erer" */;
			buildPhases = (
				B4C3AE4A1DE2CCFE00AFAC35 /* Sources */,
				B4C3AE4B1DE2CCFE00AFAC35 /* Frameworks */,
				B4C3AE4C1DE2CCFE00AFAC35 /* Resources */,
			);
			buildRules = (
			);
			dependencies = (
			);
			name = erer;
			productName = erer;
			productReference = B4C3AE4E1DE2CCFE00AFAC35 /* erer.app */;
			productType = "com.apple.product-type.application";
		};
/* End PBXNativeTarget section */

/* Begin PBXProject section */
		B4C3AE461DE2CCFE00AFAC35 /* Project object */ = {
			isa = PBXProject;
			attributes = {
				LastSwiftUpdateCheck = 0730;
				LastUpgradeCheck = 0730;
				ORGANIZATIONNAME = henghao.jiao;
				TargetAttributes = {
					B4C3AE4D1DE2CCFE00AFAC35 = {
						CreatedOnToolsVersion = 7.3.1;
					};
				};
			};
			buildConfigurationList = B4C3AE491DE2CCFE00AFAC35 /* Build configuration list for PBXProject "erer" */;
			compatibilityVersion = "Xcode 3.2";
			developmentRegion = English;
			hasScannedForEncodings = 0;
			knownRegions = (
				en,
				Base,
			);
			mainGroup = B4C3AE451DE2CCFE00AFAC35;
			productRefGroup = B4C3AE4F1DE2CCFE00AFAC35 /* Products */;
			projectDirPath = "";
			projectRoot = "";
			targets = (
				B4C3AE4D1DE2CCFE00AFAC35 /* erer */,
			);
		};
/* End PBXProject section */

/* Begin PBXResourcesBuildPhase section */
		B4C3AE4C1DE2CCFE00AFAC35 /* Resources */ = {
			isa = PBXResourcesBuildPhase;
			buildActionMask = 2147483647;
			files = (
				B4C3AE5C1DE2CCFE00AFAC35 /* LaunchScreen.storyboard in Resources */,
				B4C3AE591DE2CCFE00AFAC35 /* Assets.xcassets in Resources */,
				B4C3AE571DE2CCFE00AFAC35 /* Main.storyboard in Resources */,
			);
			runOnlyForDeploymentPostprocessing = 0;
		};
/* End PBXResourcesBuildPhase section */

/* Begin PBXSourcesBuildPhase section */
		B4C3AE4A1DE2CCFE00AFAC35 /* Sources */ = {
			isa = PBXSourcesBuildPhase;
			buildActionMask = 2147483647;
			files = (
				B4C3AE541DE2CCFE00AFAC35 /* ViewController.swift in Sources */,
				B4C3AE521DE2CCFE00AFAC35 /* AppDelegate.swift in Sources */,
			);
			runOnlyForDeploymentPostprocessing = 0;
		};
/* End PBXSourcesBuildPhase section */

/* Begin PBXVariantGroup section */
		B4C3AE551DE2CCFE00AFAC35 /* Main.storyboard */ = {
			isa = PBXVariantGroup;
			children = (
				B4C3AE561DE2CCFE00AFAC35 /* Base */,
			);
			name = Main.storyboard;
			sourceTree = "<group>";
		};
		B4C3AE5A1DE2CCFE00AFAC35 /* LaunchScreen.storyboard */ = {
			isa = PBXVariantGroup;
			children = (
				B4C3AE5B1DE2CCFE00AFAC35 /* Base */,
			);
			name = LaunchScreen.storyboard;
			sourceTree = "<group>";
		};
/* End PBXVariantGroup section */

/* Begin XCBuildConfiguration section */
		B4C3AE5E1DE2CCFE00AFAC35 /* Debug */ = {
			isa = XCBuildConfiguration;
			buildSettings = {
				ALWAYS_SEARCH_USER_PATHS = NO;
				CLANG_ANALYZER_NONNULL = YES;
				CLANG_CXX_LANGUAGE_STANDARD = "gnu++0x";
				CLANG_CXX_LIBRARY = "libc++";
				CLANG_ENABLE_MODULES = YES;
				CLANG_ENABLE_OBJC_ARC = YES;
				CLANG_WARN_BOOL_CONVERSION = YES;
				CLANG_WARN_CONSTANT_CONVERSION = YES;
				CLANG_WARN_DIRECT_OBJC_ISA_USAGE = YES_ERROR;
				CLANG_WARN_EMPTY_BODY = YES;
				CLANG_WARN_ENUM_CONVERSION = YES;
				CLANG_WARN_INT_CONVERSION = YES;
				CLANG_WARN_OBJC_ROOT_CLASS = YES_ERROR;
				CLANG_WARN_UNREACHABLE_CODE = YES;
				CLANG_WARN__DUPLICATE_METHOD_MATCH = YES;
				"CODE_SIGN_IDENTITY[sdk=iphoneos*]" = "iPhone Developer";
				COPY_PHASE_STRIP = NO;
				DEBUG_INFORMATION_FORMAT = dwarf;
				ENABLE_STRICT_OBJC_MSGSEND = YES;
				ENABLE_TESTABILITY = YES;
				GCC_C_LANGUAGE_STANDARD = gnu99;
				GCC_DYNAMIC_NO_PIC = NO;
				GCC_NO_COMMON_BLOCKS = YES;
				GCC_OPTIMIZATION_LEVEL = 0;
				GCC_PREPROCESSOR_DEFINITIONS = (
					"DEBUG=1",
					"$(inherited)",
				);
				GCC_WARN_64_TO_32_BIT_CONVERSION = YES;
				GCC_WARN_ABOUT_RETURN_TYPE = YES_ERROR;
				GCC_WARN_UNDECLARED_SELECTOR = YES;
				GCC_WARN_UNINITIALIZED_AUTOS = YES_AGGRESSIVE;
				GCC_WARN_UNUSED_FUNCTION = YES;
				GCC_WARN_UNUSED_VARIABLE = YES;
				IPHONEOS_DEPLOYMENT_TARGET = 9.3;
				MTL_ENABLE_DEBUG_INFO = YES;
				ONLY_ACTIVE_ARCH = YES;
				SDKROOT = iphoneos;
				SWIFT_OPTIMIZATION_LEVEL = "-Onone";
			};
			name = Debug;
		};
		B4C3AE5F1DE2CCFE00AFAC35 /* Release */ = {
			isa = XCBuildConfiguration;
			buildSettings = {
				ALWAYS_SEARCH_USER_PATHS = NO;
				CLANG_ANALYZER_NONNULL = YES;
				CLANG_CXX_LANGUAGE_STANDARD = "gnu++0x";
				CLANG_CXX_LIBRARY = "libc++";
				CLANG_ENABLE_MODULES = YES;
				CLANG_ENABLE_OBJC_ARC = YES;
				CLANG_WARN_BOOL_CONVERSION = YES;
				CLANG_WARN_CONSTANT_CONVERSION = YES;
				CLANG_WARN_DIRECT_OBJC_ISA_USAGE = YES_ERROR;
				CLANG_WARN_EMPTY_BODY = YES;
				CLANG_WARN_ENUM_CONVERSION = YES;
				CLANG_WARN_INT_CONVERSION = YES;
				CLANG_WARN_OBJC_ROOT_CLASS = YES_ERROR;
				CLANG_WARN_UNREACHABLE_CODE = YES;
				CLANG_WARN__DUPLICATE_METHOD_MATCH = YES;
				"CODE_SIGN_IDENTITY[sdk=iphoneos*]" = "iPhone Developer";
				COPY_PHASE_STRIP = NO;
				DEBUG_INFORMATION_FORMAT = "dwarf-with-dsym";
				ENABLE_NS_ASSERTIONS = NO;
				ENABLE_STRICT_OBJC_MSGSEND = YES;
				GCC_C_LANGUAGE_STANDARD = gnu99;
				GCC_NO_COMMON_BLOCKS = YES;
				GCC_WARN_64_TO_32_BIT_CONVERSION = YES;
				GCC_WARN_ABOUT_RETURN_TYPE = YES_ERROR;
				GCC_WARN_UNDECLARED_SELECTOR = YES;
				GCC_WARN_UNINITIALIZED_AUTOS = YES_AGGRESSIVE;
				GCC_WARN_UNUSED_FUNCTION = YES;
				GCC_WARN_UNUSED_VARIABLE = YES;
				IPHONEOS_DEPLOYMENT_TARGET = 9.3;
				MTL_ENABLE_DEBUG_INFO = NO;
				SDKROOT = iphoneos;
				VALIDATE_PRODUCT = YES;
			};
			name = Release;
		};
		B4C3AE611DE2CCFE00AFAC35 /* Debug */ = {
			isa = XCBuildConfiguration;
			buildSettings = {
				ASSETCATALOG_COMPILER_APPICON_NAME = AppIcon;
				INFOPLIST_FILE = erer/Info.plist;
				LD_RUNPATH_SEARCH_PATHS = "$(inherited) @executable_path/Frameworks";
				PRODUCT_BUNDLE_IDENTIFIER = Delta.erer;
				PRODUCT_NAME = "$(TARGET_NAME)";
			};
			name = Debug;
		};
		B4C3AE621DE2CCFE00AFAC35 /* Release */ = {
			isa = XCBuildConfiguration;
			buildSettings = {
				ASSETCATALOG_COMPILER_APPICON_NAME = AppIcon;
				INFOPLIST_FILE = erer/Info.plist;
				LD_RUNPATH_SEARCH_PATHS = "$(inherited) @executable_path/Frameworks";
				PRODUCT_BUNDLE_IDENTIFIER = Delta.erer;
				PRODUCT_NAME = "$(TARGET_NAME)";
			};
			name = Release;
		};
/* End XCBuildConfiguration section */

/* Begin XCConfigurationList section */
		B4C3AE491DE2CCFE00AFAC35 /* Build configuration list for PBXProject "erer" */ = {
			isa = XCConfigurationList;
			buildConfigurations = (
				B4C3AE5E1DE2CCFE00AFAC35 /* Debug */,
				B4C3AE5F1DE2CCFE00AFAC35 /* Release */,
			);
			defaultConfigurationIsVisible = 0;
			defaultConfigurationName = Release;
		};
		B4C3AE601DE2CCFE00AFAC35 /* Build configuration list for PBXNativeTarget "erer" */ = {
			isa = XCConfigurationList;
			buildConfigurations = (
				B4C3AE611DE2CCFE00AFAC35 /* Debug */,
				B4C3AE621DE2CCFE00AFAC35 /* Release */,
			);
			defaultConfigurationIsVisible = 0;
		};
/* End XCConfigurationList section */
	};
	rootObject = B4C3AE461DE2CCFE00AFAC35 /* Project object */;
}
